
Microsoft Visual Studio Solution File, Format Version 12.00
# Visual Studio Version 17
VisualStudioVersion = 17.11.35219.272
MinimumVisualStudioVersion = 10.0.40219.1
Project("{FAE04EC0-301F-11D3-BF4B-00C04F79EFBC}") = "SP2024-Assignment1-rmccanna", "SP2024-Assignment1-rmccanna\SP2024-Assignment1-rmccanna.csproj", "{8329F3A4-178C-429C-A73E-DA4D4A779B6E}"
EndProject
Global
	GlobalSection(SolutionConfigurationPlatforms) = preSolution
		Debug|Any CPU = Debug|Any CPU
		Release|Any CPU = Release|Any CPU
	EndGlobalSection
	GlobalSection(ProjectConfigurationPlatforms) = postSolution
		{8329F3A4-178C-429C-A73E-DA4D4A779B6E}.Debug|Any CPU.ActiveCfg = Debug|Any CPU
		{8329F3A4-178C-429C-A73E-DA4D4A779B6E}.Debug|Any CPU.Build.0 = Debug|Any CPU
		{8329F3A4-178C-429C-A73E-DA4D4A779B6E}.Release|Any CPU.ActiveCfg = Release|Any CPU
		{8329F3A4-178C-429C-A73E-DA4D4A779B6E}.Release|Any CPU.Build.0 = Release|Any CPU
	EndGlobalSection
	GlobalSection(SolutionProperties) = preSolution
		HideSolutionNode = FALSE
	EndGlobalSection
	GlobalSection(ExtensibilityGlobals) = postSolution
		SolutionGuid = {336676F0-7A1B-48A4-AF24-BA96E82EBB44}
	EndGlobalSection
EndGlobal
